// !$*UTF8*$!
{
	archiveVersion = 1;
	classes = {
	};
	objectVersion = 46;
	objects = {

/* Begin PBXBuildFile section */
		5E4D9D511EAC778300453D8A /* AppDelegate.swift in Sources */ = {isa = PBXBuildFile; fileRef = 5E4D9D501EAC778300453D8A /* AppDelegate.swift */; };
		5E4D9D531EAC778300453D8A /* ViewController.swift in Sources */ = {isa = PBXBuildFile; fileRef = 5E4D9D521EAC778300453D8A /* ViewController.swift */; };
		5E4D9D561EAC778300453D8A /* Main.storyboard in Resources */ = {isa = PBXBuildFile; fileRef = 5E4D9D541EAC778300453D8A /* Main.storyboard */; };
		5E4D9D581EAC778300453D8A /* Assets.xcassets in Resources */ = {isa = PBXBuildFile; fileRef = 5E4D9D571EAC778300453D8A /* Assets.xcassets */; };
		5E4D9D5B1EAC778300453D8A /* LaunchScreen.storyboard in Resources */ = {isa = PBXBuildFile; fileRef = 5E4D9D591EAC778300453D8A /* LaunchScreen.storyboard */; };
		5E4D9D661EAC778300453D8A /* UIStackViewDemoTests.swift in Sources */ = {isa = PBXBuildFile; fileRef = 5E4D9D651EAC778300453D8A /* UIStackViewDemoTests.swift */; };
		5E4D9D711EAC778400453D8A /* UIStackViewDemoUITests.swift in Sources */ = {isa = PBXBuildFile; fileRef = 5E4D9D701EAC778400453D8A /* UIStackViewDemoUITests.swift */; };
/* End PBXBuildFile section */

/* Begin PBXContainerItemProxy section */
		5E4D9D621EAC778300453D8A /* PBXContainerItemProxy */ = {
			isa = PBXContainerItemProxy;
			containerPortal = 5E4D9D451EAC778300453D8A /* Project object */;
			proxyType = 1;
			remoteGlobalIDString = 5E4D9D4C1EAC778300453D8A;
			remoteInfo = UIStackViewDemo;
		};
		5E4D9D6D1EAC778300453D8A /* PBXContainerItemProxy */ = {
			isa = PBXContainerItemProxy;
			containerPortal = 5E4D9D451EAC778300453D8A /* Project object */;
			proxyType = 1;
			remoteGlobalIDString = 5E4D9D4C1EAC778300453D8A;
			remoteInfo = UIStackViewDemo;
		};
/* End PBXContainerItemProxy section */

/* Begin PBXFileReference section */
		5E4D9D4D1EAC778300453D8A /* UIStackViewDemo.app */ = {isa = PBXFileReference; explicitFileType = wrapper.application; includeInIndex = 0; path = UIStackViewDemo.app; sourceTree = BUILT_PRODUCTS_DIR; };
		5E4D9D501EAC778300453D8A /* AppDelegate.swift */ = {isa = PBXFileReference; lastKnownFileType = sourcecode.swift; path = AppDelegate.swift; sourceTree = "<group>"; };
		5E4D9D521EAC778300453D8A /* ViewController.swift */ = {isa = PBXFileReference; lastKnownFileType = sourcecode.swift; path = ViewController.swift; sourceTree = "<group>"; };
		5E4D9D551EAC778300453D8A /* Base */ = {isa = PBXFileReference; lastKnownFileType = file.storyboard; name = Base; path = Base.lproj/Main.storyboard; sourceTree = "<group>"; };
		5E4D9D571EAC778300453D8A /* Assets.xcassets */ = {isa = PBXFileReference; lastKnownFileType = folder.assetcatalog; path = Assets.xcassets; sourceTree = "<group>"; };
		5E4D9D5A1EAC778300453D8A /* Base */ = {isa = PBXFileReference; lastKnownFileType = file.storyboard; name = Base; path = Base.lproj/LaunchScreen.storyboard; sourceTree = "<group>"; };
		5E4D9D5C1EAC778300453D8A /* Info.plist */ = {isa = PBXFileReference; lastKnownFileType = text.plist.xml; path = Info.plist; sourceTree = "<group>"; };
		5E4D9D611EAC778300453D8A /* UIStackViewDemoTests.xctest */ = {isa = PBXFileReference; explicitFileType = wrapper.cfbundle; includeInIndex = 0; path = UIStackViewDemoTests.xctest; sourceTree = BUILT_PRODUCTS_DIR; };
		5E4D9D651EAC778300453D8A /* UIStackViewDemoTests.swift */ = {isa = PBXFileReference; lastKnownFileType = sourcecode.swift; path = UIStackViewDemoTests.swift; sourceTree = "<group>"; };
		5E4D9D671EAC778300453D8A /* Info.plist */ = {isa = PBXFileReference; lastKnownFileType = text.plist.xml; path = Info.plist; sourceTree = "<group>"; };
		5E4D9D6C1EAC778300453D8A /* UIStackViewDemoUITests.xctest */ = {isa = PBXFileReference; explicitFileType = wrapper.cfbundle; includeInIndex = 0; path = UIStackViewDemoUITests.xctest; sourceTree = BUILT_PRODUCTS_DIR; };
		5E4D9D701EAC778400453D8A /* UIStackViewDemoUITests.swift */ = {isa = PBXFileReference; lastKnownFileType = sourcecode.swift; path = UIStackViewDemoUITests.swift; sourceTree = "<group>"; };
		5E4D9D721EAC778400453D8A /* Info.plist */ = {isa = PBXFileReference; lastKnownFileType = text.plist.xml; path = Info.plist; sourceTree = "<group>"; };
/* End PBXFileReference section */

/* Begin PBXFrameworksBuildPhase section */
		5E4D9D4A1EAC778300453D8A /* Frameworks */ = {
			isa = PBXFrameworksBuildPhase;
			buildActionMask = 2147483647;
			files = (
			);
			runOnlyForDeploymentPostprocessing = 0;
		};
		5E4D9D5E1EAC778300453D8A /* Frameworks */ = {
			isa = PBXFrameworksBuildPhase;
			buildActionMask = 2147483647;
			files = (
			);
			runOnlyForDeploymentPostprocessing = 0;
		};
		5E4D9D691EAC778300453D8A /* Frameworks */ = {
			isa = PBXFrameworksBuildPhase;
			buildActionMask = 2147483647;
			files = (
			);
			runOnlyForDeploymentPostprocessing = 0;
		};
/* End PBXFrameworksBuildPhase section */

/* Begin PBXGroup section */
		5E4D9D441EAC778300453D8A = {
			isa = PBXGroup;
			children = (
				5E4D9D4F1EAC778300453D8A /* UIStackViewDemo */,
				5E4D9D641EAC778300453D8A /* UIStackViewDemoTests */,
				5E4D9D6F1EAC778300453D8A /* UIStackViewDemoUITests */,
				5E4D9D4E1EAC778300453D8A /* Products */,
			);
			sourceTree = "<group>";
		};
		5E4D9D4E1EAC778300453D8A /* Products */ = {
			isa = PBXGroup;
			children = (
				5E4D9D4D1EAC778300453D8A /* UIStackViewDemo.app */,
				5E4D9D611EAC778300453D8A /* UIStackViewDemoTests.xctest */,
				5E4D9D6C1EAC778300453D8A /* UIStackViewDemoUITests.xctest */,
			);
			name = Products;
			sourceTree = "<group>";
		};
		5E4D9D4F1EAC778300453D8A /* UIStackViewDemo */ = {
			isa = PBXGroup;
			children = (
				5E4D9D501EAC778300453D8A /* AppDelegate.swift */,
				5E4D9D521EAC778300453D8A /* ViewController.swift */,
				5E4D9D541EAC778300453D8A /* Main.storyboard */,
				5E4D9D571EAC778300453D8A /* Assets.xcassets */,
				5E4D9D591EAC778300453D8A /* LaunchScreen.storyboard */,
				5E4D9D5C1EAC778300453D8A /* Info.plist */,
			);
			path = UIStackViewDemo;
			sourceTree = "<group>";
		};
		5E4D9D641EAC778300453D8A /* UIStackViewDemoTests */ = {
			isa = PBXGroup;
			children = (
				5E4D9D651EAC778300453D8A /* UIStackViewDemoTests.swift */,
				5E4D9D671EAC778300453D8A /* Info.plist */,
			);
			path = UIStackViewDemoTests;
			sourceTree = "<group>";
		};
		5E4D9D6F1EAC778300453D8A /* UIStackViewDemoUITests */ = {
			isa = PBXGroup;
			children = (
				5E4D9D701EAC778400453D8A /* UIStackViewDemoUITests.swift */,
				5E4D9D721EAC778400453D8A /* Info.plist */,
			);
			path = UIStackViewDemoUITests;
			sourceTree = "<group>";
		};
/* End PBXGroup section */

/* Begin PBXNativeTarget section */
		5E4D9D4C1EAC778300453D8A /* UIStackViewDemo */ = {
			isa = PBXNativeTarget;
			buildConfigurationList = 5E4D9D751EAC778400453D8A /* Build configuration list for PBXNativeTarget "UIStackViewDemo" */;
			buildPhases = (
				5E4D9D491EAC778300453D8A /* Sources */,
				5E4D9D4A1EAC778300453D8A /* Frameworks */,
				5E4D9D4B1EAC778300453D8A /* Resources */,
			);
			buildRules = (
			);
			dependencies = (
			);
			name = UIStackViewDemo;
			productName = UIStackViewDemo;
			productReference = 5E4D9D4D1EAC778300453D8A /* UIStackViewDemo.app */;
			productType = "com.apple.product-type.application";
		};
		5E4D9D601EAC778300453D8A /* UIStackViewDemoTests */ = {
			isa = PBXNativeTarget;
			buildConfigurationList = 5E4D9D781EAC778400453D8A /* Build configuration list for PBXNativeTarget "UIStackViewDemoTests" */;
			buildPhases = (
				5E4D9D5D1EAC778300453D8A /* Sources */,
				5E4D9D5E1EAC778300453D8A /* Frameworks */,
				5E4D9D5F1EAC778300453D8A /* Resources */,
			);
			buildRules = (
			);
			dependencies = (
				5E4D9D631EAC778300453D8A /* PBXTargetDependency */,
			);
			name = UIStackViewDemoTests;
			productName = UIStackViewDemoTests;
			productReference = 5E4D9D611EAC778300453D8A /* UIStackViewDemoTests.xctest */;
			productType = "com.apple.product-type.bundle.unit-test";
		};
		5E4D9D6B1EAC778300453D8A /* UIStackViewDemoUITests */ = {
			isa = PBXNativeTarget;
			buildConfigurationList = 5E4D9D7B1EAC778400453D8A /* Build configuration list for PBXNativeTarget "UIStackViewDemoUITests" */;
			buildPhases = (
				5E4D9D681EAC778300453D8A /* Sources */,
				5E4D9D691EAC778300453D8A /* Frameworks */,
				5E4D9D6A1EAC778300453D8A /* Resources */,
			);
			buildRules = (
			);
			dependencies = (
				5E4D9D6E1EAC778300453D8A /* PBXTargetDependency */,
			);
			name = UIStackViewDemoUITests;
			productName = UIStackViewDemoUITests;
			productReference = 5E4D9D6C1EAC778300453D8A /* UIStackViewDemoUITests.xctest */;
			productType = "com.apple.product-type.bundle.ui-testing";
		};
/* End PBXNativeTarget section */

/* Begin PBXProject section */
		5E4D9D451EAC778300453D8A /* Project object */ = {
			isa = PBXProject;
			attributes = {
				LastSwiftUpdateCheck = 0830;
				LastUpgradeCheck = 0830;
				ORGANIZATIONNAME = FPT.ANKB;
				TargetAttributes = {
					5E4D9D4C1EAC778300453D8A = {
						CreatedOnToolsVersion = 8.3;
						ProvisioningStyle = Automatic;
					};
					5E4D9D601EAC778300453D8A = {
						CreatedOnToolsVersion = 8.3;
						ProvisioningStyle = Automatic;
						TestTargetID = 5E4D9D4C1EAC778300453D8A;
					};
					5E4D9D6B1EAC778300453D8A = {
						CreatedOnToolsVersion = 8.3;
						ProvisioningStyle = Automatic;
						TestTargetID = 5E4D9D4C1EAC778300453D8A;
					};
				};
			};
			buildConfigurationList = 5E4D9D481EAC778300453D8A /* Build configuration list for PBXProject "UIStackViewDemo" */;
			compatibilityVersion = "Xcode 3.2";
			developmentRegion = English;
			hasScannedForEncodings = 0;
			knownRegions = (
				en,
				Base,
			);
			mainGroup = 5E4D9D441EAC778300453D8A;
			productRefGroup = 5E4D9D4E1EAC778300453D8A /* Products */;
			projectDirPath = "";
			projectRoot = "";
			targets = (
				5E4D9D4C1EAC778300453D8A /* UIStackViewDemo */,
				5E4D9D601EAC778300453D8A /* UIStackViewDemoTests */,
				5E4D9D6B1EAC778300453D8A /* UIStackViewDemoUITests */,
			);
		};
/* End PBXProject section */

/* Begin PBXResourcesBuildPhase section */
		5E4D9D4B1EAC778300453D8A /* Resources */ = {
			isa = PBXResourcesBuildPhase;
			buildActionMask = 2147483647;
			files = (
				5E4D9D5B1EAC778300453D8A /* LaunchScreen.storyboard in Resources */,
				5E4D9D581EAC778300453D8A /* Assets.xcassets in Resources */,
				5E4D9D561EAC778300453D8A /* Main.storyboard in Resources */,
			);
			runOnlyForDeploymentPostprocessing = 0;
		};
		5E4D9D5F1EAC778300453D8A /* Resources */ = {
			isa = PBXResourcesBuildPhase;
			buildActionMask = 2147483647;
			files = (
			);
			runOnlyForDeploymentPostprocessing = 0;
		};
		5E4D9D6A1EAC778300453D8A /* Resources */ = {
			isa = PBXResourcesBuildPhase;
			buildActionMask = 2147483647;
			files = (
			);
			runOnlyForDeploymentPostprocessing = 0;
		};
/* End PBXResourcesBuildPhase section */

/* Begin PBXSourcesBuildPhase section */
		5E4D9D491EAC778300453D8A /* Sources */ = {
			isa = PBXSourcesBuildPhase;
			buildActionMask = 2147483647;
			files = (
				5E4D9D531EAC778300453D8A /* ViewController.swift in Sources */,
				5E4D9D511EAC778300453D8A /* AppDelegate.swift in Sources */,
			);
			runOnlyForDeploymentPostprocessing = 0;
		};
		5E4D9D5D1EAC778300453D8A /* Sources */ = {
			isa = PBXSourcesBuildPhase;
			buildActionMask = 2147483647;
			files = (
				5E4D9D661EAC778300453D8A /* UIStackViewDemoTests.swift in Sources */,
			);
			runOnlyForDeploymentPostprocessing = 0;
		};
		5E4D9D681EAC778300453D8A /* Sources */ = {
			isa = PBXSourcesBuildPhase;
			buildActionMask = 2147483647;
			files = (
				5E4D9D711EAC778400453D8A /* UIStackViewDemoUITests.swift in Sources */,
			);
			runOnlyForDeploymentPostprocessing = 0;
		};
/* End PBXSourcesBuildPhase section */

/* Begin PBXTargetDependency section */
		5E4D9D631EAC778300453D8A /* PBXTargetDependency */ = {
			isa = PBXTargetDependency;
			target = 5E4D9D4C1EAC778300453D8A /* UIStackViewDemo */;
			targetProxy = 5E4D9D621EAC778300453D8A /* PBXContainerItemProxy */;
		};
		5E4D9D6E1EAC778300453D8A /* PBXTargetDependency */ = {
			isa = PBXTargetDependency;
			target = 5E4D9D4C1EAC778300453D8A /* UIStackViewDemo */;
			targetProxy = 5E4D9D6D1EAC778300453D8A /* PBXContainerItemProxy */;
		};
/* End PBXTargetDependency section */

/* Begin PBXVariantGroup section */
		5E4D9D541EAC778300453D8A /* Main.storyboard */ = {
			isa = PBXVariantGroup;
			children = (
				5E4D9D551EAC778300453D8A /* Base */,
			);
			name = Main.storyboard;
			sourceTree = "<group>";
		};
		5E4D9D591EAC778300453D8A /* LaunchScreen.storyboard */ = {
			isa = PBXVariantGroup;
			children = (
				5E4D9D5A1EAC778300453D8A /* Base */,
			);
			name = LaunchScreen.storyboard;
			sourceTree = "<group>";
		};
/* End PBXVariantGroup section */

/* Begin XCBuildConfiguration section */
		5E4D9D731EAC778400453D8A /* Debug */ = {
			isa = XCBuildConfiguration;
			buildSettings = {
				ALWAYS_SEARCH_USER_PATHS = NO;
				CLANG_ANALYZER_NONNULL = YES;
				CLANG_ANALYZER_NUMBER_OBJECT_CONVERSION = YES_AGGRESSIVE;
				CLANG_CXX_LANGUAGE_STANDARD = "gnu++0x";
				CLANG_CXX_LIBRARY = "libc++";
				CLANG_ENABLE_MODULES = YES;
				CLANG_ENABLE_OBJC_ARC = YES;
				CLANG_WARN_BOOL_CONVERSION = YES;
				CLANG_WARN_CONSTANT_CONVERSION = YES;
				CLANG_WARN_DIRECT_OBJC_ISA_USAGE = YES_ERROR;
				CLANG_WARN_DOCUMENTATION_COMMENTS = YES;
				CLANG_WARN_EMPTY_BODY = YES;
				CLANG_WARN_ENUM_CONVERSION = YES;
				CLANG_WARN_INFINITE_RECURSION = YES;
				CLANG_WARN_INT_CONVERSION = YES;
				CLANG_WARN_OBJC_ROOT_CLASS = YES_ERROR;
				CLANG_WARN_SUSPICIOUS_MOVE = YES;
				CLANG_WARN_UNREACHABLE_CODE = YES;
				CLANG_WARN__DUPLICATE_METHOD_MATCH = YES;
				"CODE_SIGN_IDENTITY[sdk=iphoneos*]" = "iPhone Developer";
				COPY_PHASE_STRIP = NO;
				DEBUG_INFORMATION_FORMAT = dwarf;
				ENABLE_STRICT_OBJC_MSGSEND = YES;
				ENABLE_TESTABILITY = YES;
				GCC_C_LANGUAGE_STANDARD = gnu99;
				GCC_DYNAMIC_NO_PIC = NO;
				GCC_NO_COMMON_BLOCKS = YES;
				GCC_OPTIMIZATION_LEVEL = 0;
				GCC_PREPROCESSOR_DEFINITIONS = (
					"DEBUG=1",
					"$(inherited)",
				);
				GCC_WARN_64_TO_32_BIT_CONVERSION = YES;
				GCC_WARN_ABOUT_RETURN_TYPE = YES_ERROR;
				GCC_WARN_UNDECLARED_SELECTOR = YES;
				GCC_WARN_UNINITIALIZED_AUTOS = YES_AGGRESSIVE;
				GCC_WARN_UNUSED_FUNCTION = YES;
				GCC_WARN_UNUSED_VARIABLE = YES;
				IPHONEOS_DEPLOYMENT_TARGET = 10.3;
				MTL_ENABLE_DEBUG_INFO = YES;
				ONLY_ACTIVE_ARCH = YES;
				SDKROOT = iphoneos;
				SWIFT_ACTIVE_COMPILATION_CONDITIONS = DEBUG;
				SWIFT_OPTIMIZATION_LEVEL = "-Onone";
				TARGETED_DEVICE_FAMILY = "1,2";
			};
			name = Debug;
		};
		5E4D9D741EAC778400453D8A /* Release */ = {
			isa = XCBuildConfiguration;
			buildSettings = {
				ALWAYS_SEARCH_USER_PATHS = NO;
				CLANG_ANALYZER_NONNULL = YES;
				CLANG_ANALYZER_NUMBER_OBJECT_CONVERSION = YES_AGGRESSIVE;
				CLANG_CXX_LANGUAGE_STANDARD = "gnu++0x";
				CLANG_CXX_LIBRARY = "libc++";
				CLANG_ENABLE_MODULES = YES;
				CLANG_ENABLE_OBJC_ARC = YES;
				CLANG_WARN_BOOL_CONVERSION = YES;
				CLANG_WARN_CONSTANT_CONVERSION = YES;
				CLANG_WARN_DIRECT_OBJC_ISA_USAGE = YES_ERROR;
				CLANG_WARN_DOCUMENTATION_COMMENTS = YES;
				CLANG_WARN_EMPTY_BODY = YES;
				CLANG_WARN_ENUM_CONVERSION = YES;
				CLANG_WARN_INFINITE_RECURSION = YES;
				CLANG_WARN_INT_CONVERSION = YES;
				CLANG_WARN_OBJC_ROOT_CLASS = YES_ERROR;
				CLANG_WARN_SUSPICIOUS_MOVE = YES;
				CLANG_WARN_UNREACHABLE_CODE = YES;
				CLANG_WARN__DUPLICATE_METHOD_MATCH = YES;
				"CODE_SIGN_IDENTITY[sdk=iphoneos*]" = "iPhone Developer";
				COPY_PHASE_STRIP = NO;
				DEBUG_INFORMATION_FORMAT = "dwarf-with-dsym";
				ENABLE_NS_ASSERTIONS = NO;
				ENABLE_STRICT_OBJC_MSGSEND = YES;
				GCC_C_LANGUAGE_STANDARD = gnu99;
				GCC_NO_COMMON_BLOCKS = YES;
				GCC_WARN_64_TO_32_BIT_CONVERSION = YES;
				GCC_WARN_ABOUT_RETURN_TYPE = YES_ERROR;
				GCC_WARN_UNDECLARED_SELECTOR = YES;
				GCC_WARN_UNINITIALIZED_AUTOS = YES_AGGRESSIVE;
				GCC_WARN_UNUSED_FUNCTION = YES;
				GCC_WARN_UNUSED_VARIABLE = YES;
				IPHONEOS_DEPLOYMENT_TARGET = 10.3;
				MTL_ENABLE_DEBUG_INFO = NO;
				SDKROOT = iphoneos;
				SWIFT_OPTIMIZATION_LEVEL = "-Owholemodule";
				TARGETED_DEVICE_FAMILY = "1,2";
				VALIDATE_PRODUCT = YES;
			};
			name = Release;
		};
		5E4D9D761EAC778400453D8A /* Debug */ = {
			isa = XCBuildConfiguration;
			buildSettings = {
				ASSETCATALOG_COMPILER_APPICON_NAME = AppIcon;
				INFOPLIST_FILE = UIStackViewDemo/Info.plist;
				LD_RUNPATH_SEARCH_PATHS = "$(inherited) @executable_path/Frameworks";
				PRODUCT_BUNDLE_IDENTIFIER = com.fpt.ankb.UIStackViewDemo;
				PRODUCT_NAME = "$(TARGET_NAME)";
				SWIFT_VERSION = 3.0;
			};
			name = Debug;
		};
		5E4D9D771EAC778400453D8A /* Release */ = {
			isa = XCBuildConfiguration;
			buildSettings = {
				ASSETCATALOG_COMPILER_APPICON_NAME = AppIcon;
				INFOPLIST_FILE = UIStackViewDemo/Info.plist;
				LD_RUNPATH_SEARCH_PATHS = "$(inherited) @executable_path/Frameworks";
				PRODUCT_BUNDLE_IDENTIFIER = com.fpt.ankb.UIStackViewDemo;
				PRODUCT_NAME = "$(TARGET_NAME)";
				SWIFT_VERSION = 3.0;
			};
			name = Release;
		};
		5E4D9D791EAC778400453D8A /* Debug */ = {
			isa = XCBuildConfiguration;
			buildSettings = {
				ALWAYS_EMBED_SWIFT_STANDARD_LIBRARIES = YES;
				BUNDLE_LOADER = "$(TEST_HOST)";
				INFOPLIST_FILE = UIStackViewDemoTests/Info.plist;
				LD_RUNPATH_SEARCH_PATHS = "$(inherited) @executable_path/Frameworks @loader_path/Frameworks";
				PRODUCT_BUNDLE_IDENTIFIER = com.fpt.ankb.UIStackViewDemoTests;
				PRODUCT_NAME = "$(TARGET_NAME)";
				SWIFT_VERSION = 3.0;
				TEST_HOST = "$(BUILT_PRODUCTS_DIR)/UIStackViewDemo.app/UIStackViewDemo";
			};
			name = Debug;
		};
		5E4D9D7A1EAC778400453D8A /* Release */ = {
			isa = XCBuildConfiguration;
			buildSettings = {
				ALWAYS_EMBED_SWIFT_STANDARD_LIBRARIES = YES;
				BUNDLE_LOADER = "$(TEST_HOST)";
				INFOPLIST_FILE = UIStackViewDemoTests/Info.plist;
				LD_RUNPATH_SEARCH_PATHS = "$(inherited) @executable_path/Frameworks @loader_path/Frameworks";
				PRODUCT_BUNDLE_IDENTIFIER = com.fpt.ankb.UIStackViewDemoTests;
				PRODUCT_NAME = "$(TARGET_NAME)";
				SWIFT_VERSION = 3.0;
				TEST_HOST = "$(BUILT_PRODUCTS_DIR)/UIStackViewDemo.app/UIStackViewDemo";
			};
			name = Release;
		};
		5E4D9D7C1EAC778400453D8A /* Debug */ = {
			isa = XCBuildConfiguration;
			buildSettings = {
				ALWAYS_EMBED_SWIFT_STANDARD_LIBRARIES = YES;
				INFOPLIST_FILE = UIStackViewDemoUITests/Info.plist;
				LD_RUNPATH_SEARCH_PATHS = "$(inherited) @executable_path/Frameworks @loader_path/Frameworks";
				PRODUCT_BUNDLE_IDENTIFIER = com.fpt.ankb.UIStackViewDemoUITests;
				PRODUCT_NAME = "$(TARGET_NAME)";
				SWIFT_VERSION = 3.0;
				TEST_TARGET_NAME = UIStackViewDemo;
			};
			name = Debug;
		};
		5E4D9D7D1EAC778400453D8A /* Release */ = {
			isa = XCBuildConfiguration;
			buildSettings = {
				ALWAYS_EMBED_SWIFT_STANDARD_LIBRARIES = YES;
				INFOPLIST_FILE = UIStackViewDemoUITests/Info.plist;
				LD_RUNPATH_SEARCH_PATHS = "$(inherited) @executable_path/Frameworks @loader_path/Frameworks";
				PRODUCT_BUNDLE_IDENTIFIER = com.fpt.ankb.UIStackViewDemoUITests;
				PRODUCT_NAME = "$(TARGET_NAME)";
				SWIFT_VERSION = 3.0;
				TEST_TARGET_NAME = UIStackViewDemo;
			};
			name = Release;
		};
/* End XCBuildConfiguration section */

/* Begin XCConfigurationList section */
		5E4D9D481EAC778300453D8A /* Build configuration list for PBXProject "UIStackViewDemo" */ = {
			isa = XCConfigurationList;
			buildConfigurations = (
				5E4D9D731EAC778400453D8A /* Debug */,
				5E4D9D741EAC778400453D8A /* Release */,
			);
			defaultConfigurationIsVisible = 0;
			defaultConfigurationName = Release;
		};
		5E4D9D751EAC778400453D8A /* Build configuration list for PBXNativeTarget "UIStackViewDemo" */ = {
			isa = XCConfigurationList;
			buildConfigurations = (
				5E4D9D761EAC778400453D8A /* Debug */,
				5E4D9D771EAC778400453D8A /* Release */,
			);
			defaultConfigurationIsVisible = 0;
		};
		5E4D9D781EAC778400453D8A /* Build configuration list for PBXNativeTarget "UIStackViewDemoTests" */ = {
			isa = XCConfigurationList;
			buildConfigurations = (
				5E4D9D791EAC778400453D8A /* Debug */,
				5E4D9D7A1EAC778400453D8A /* Release */,
			);
			defaultConfigurationIsVisible = 0;
		};
		5E4D9D7B1EAC778400453D8A /* Build configuration list for PBXNativeTarget "UIStackViewDemoUITests" */ = {
			isa = XCConfigurationList;
			buildConfigurations = (
				5E4D9D7C1EAC778400453D8A /* Debug */,
				5E4D9D7D1EAC778400453D8A /* Release */,
			);
			defaultConfigurationIsVisible = 0;
		};
/* End XCConfigurationList section */
	};
	rootObject = 5E4D9D451EAC778300453D8A /* Project object */;
}
